
Microsoft Visual Studio Solution File, Format Version 12.00
# Visual Studio Version 17
VisualStudioVersion = 17.5.002.0
MinimumVisualStudioVersion = 10.0.40219.1
Project("{9A19103F-16F7-4668-BE54-9A1E7A4F7556}") = "Api_Products", "Api_Products.csproj", "{30F1E9A5-219B-4EF3-BF2A-14F4B84CF2EE}"
EndProject
Global
	GlobalSection(SolutionConfigurationPlatforms) = preSolution
		Debug|Any CPU = Debug|Any CPU
		Release|Any CPU = Release|Any CPU
	EndGlobalSection
	GlobalSection(ProjectConfigurationPlatforms) = postSolution
		{30F1E9A5-219B-4EF3-BF2A-14F4B84CF2EE}.Debug|Any CPU.ActiveCfg = Debug|Any CPU
		{30F1E9A5-219B-4EF3-BF2A-14F4B84CF2EE}.Debug|Any CPU.Build.0 = Debug|Any CPU
		{30F1E9A5-219B-4EF3-BF2A-14F4B84CF2EE}.Release|Any CPU.ActiveCfg = Release|Any CPU
		{30F1E9A5-219B-4EF3-BF2A-14F4B84CF2EE}.Release|Any CPU.Build.0 = Release|Any CPU
	EndGlobalSection
	GlobalSection(SolutionProperties) = preSolution
		HideSolutionNode = FALSE
	EndGlobalSection
	GlobalSection(ExtensibilityGlobals) = postSolution
		SolutionGuid = {2CDDBAC3-D204-47ED-8EC2-5D0A550CA7B6}
	EndGlobalSection
EndGlobal
